
Microsoft Visual Studio Solution File, Format Version 12.00
# Visual Studio Version 16
VisualStudioVersion = 16.0.31105.61
MinimumVisualStudioVersion = 10.0.40219.1
Project("{FAE04EC0-301F-11D3-BF4B-00C04F79EFBC}") = "BaiTapDD", "BaiTapDD\BaiTapDD.csproj", "{AB5A6545-3C3F-45D5-A4BC-951328C13965}"
EndProject
Global
	GlobalSection(SolutionConfigurationPlatforms) = preSolution
		Debug|Any CPU = Debug|Any CPU
		Release|Any CPU = Release|Any CPU
	EndGlobalSection
	GlobalSection(ProjectConfigurationPlatforms) = postSolution
		{AB5A6545-3C3F-45D5-A4BC-951328C13965}.Debug|Any CPU.ActiveCfg = Debug|Any CPU
		{AB5A6545-3C3F-45D5-A4BC-951328C13965}.Debug|Any CPU.Build.0 = Debug|Any CPU
		{AB5A6545-3C3F-45D5-A4BC-951328C13965}.Release|Any CPU.ActiveCfg = Release|Any CPU
		{AB5A6545-3C3F-45D5-A4BC-951328C13965}.Release|Any CPU.Build.0 = Release|Any CPU
	EndGlobalSection
	GlobalSection(SolutionProperties) = preSolution
		HideSolutionNode = FALSE
	EndGlobalSection
	GlobalSection(ExtensibilityGlobals) = postSolution
		SolutionGuid = {3CC8F77D-9E5F-498D-AF85-76909DDD7C73}
	EndGlobalSection
EndGlobal
